
Microsoft Visual Studio Solution File, Format Version 12.00
# Visual Studio 2012
Project("{FAE04EC0-301F-11D3-BF4B-00C04F79EFBC}") = "Naxam.Shimmer.iOS", "Naxam.Shimmer.iOS\Naxam.Shimmer.iOS.csproj", "{CFF49AB6-48F9-40E2-BEFA-A2F14EF1F914}"
EndProject
Project("{2150E333-8FDC-42A3-9474-1A3956D46DE8}") = "nuget", "nuget", "{B1F6B230-8174-411F-94CF-B572B202D073}"
	ProjectSection(SolutionItems) = preProject
		shimmer.nuspec = shimmer.nuspec
	EndProjectSection
EndProject
Global
	GlobalSection(SolutionConfigurationPlatforms) = preSolution
		Debug|Any CPU = Debug|Any CPU
		Release|Any CPU = Release|Any CPU
	EndGlobalSection
	GlobalSection(ProjectConfigurationPlatforms) = postSolution
		{CFF49AB6-48F9-40E2-BEFA-A2F14EF1F914}.Debug|Any CPU.ActiveCfg = Debug|Any CPU
		{CFF49AB6-48F9-40E2-BEFA-A2F14EF1F914}.Debug|Any CPU.Build.0 = Debug|Any CPU
		{CFF49AB6-48F9-40E2-BEFA-A2F14EF1F914}.Release|Any CPU.ActiveCfg = Release|Any CPU
		{CFF49AB6-48F9-40E2-BEFA-A2F14EF1F914}.Release|Any CPU.Build.0 = Release|Any CPU
	EndGlobalSection
EndGlobal
